
Microsoft Visual Studio Solution File, Format Version 12.00
Project("{2150E333-8FDC-42A3-9474-1A3956D46DE8}") = "tests", "tests", "{6C5C04A8-FCC3-443F-B7F9-40F9A26E5988}"
EndProject
Project("{FAE04EC0-301F-11D3-BF4B-00C04F79EFBC}") = "NExtensions.UnitTests", "tests\NExtensions.UnitTests\NExtensions.UnitTests.csproj", "{4DE1E317-A2AF-4FCE-86D7-C155D55ED9C2}"
EndProject
Project("{2150E333-8FDC-42A3-9474-1A3956D46DE8}") = "lib", "lib", "{027CE3EB-4668-4D29-9588-D6F86EB680D6}"
EndProject
Project("{FAE04EC0-301F-11D3-BF4B-00C04F79EFBC}") = "NExtensions.Async", "src\NExtensions.Async\NExtensions.Async.csproj", "{B7B563DF-2C78-4705-93F2-196ADFE648C2}"
EndProject
Project("{FAE04EC0-301F-11D3-BF4B-00C04F79EFBC}") = "NExtensions.Benchmarking", "tests\NExtensions.Benchmarking\NExtensions.Benchmarking.csproj", "{E1E8FCB3-A099-40E8-9A47-A09A19FB8AA5}"
EndProject
Global
	GlobalSection(SolutionConfigurationPlatforms) = preSolution
		Debug|Any CPU = Debug|Any CPU
		Release|Any CPU = Release|Any CPU
	EndGlobalSection
	GlobalSection(ProjectConfigurationPlatforms) = postSolution
		{4DE1E317-A2AF-4FCE-86D7-C155D55ED9C2}.Debug|Any CPU.ActiveCfg = Debug|Any CPU
		{4DE1E317-A2AF-4FCE-86D7-C155D55ED9C2}.Debug|Any CPU.Build.0 = Debug|Any CPU
		{4DE1E317-A2AF-4FCE-86D7-C155D55ED9C2}.Release|Any CPU.ActiveCfg = Release|Any CPU
		{4DE1E317-A2AF-4FCE-86D7-C155D55ED9C2}.Release|Any CPU.Build.0 = Release|Any CPU
		{B7B563DF-2C78-4705-93F2-196ADFE648C2}.Debug|Any CPU.ActiveCfg = Debug|Any CPU
		{B7B563DF-2C78-4705-93F2-196ADFE648C2}.Debug|Any CPU.Build.0 = Debug|Any CPU
		{B7B563DF-2C78-4705-93F2-196ADFE648C2}.Release|Any CPU.ActiveCfg = Release|Any CPU
		{B7B563DF-2C78-4705-93F2-196ADFE648C2}.Release|Any CPU.Build.0 = Release|Any CPU
		{E1E8FCB3-A099-40E8-9A47-A09A19FB8AA5}.Debug|Any CPU.ActiveCfg = Debug|Any CPU
		{E1E8FCB3-A099-40E8-9A47-A09A19FB8AA5}.Debug|Any CPU.Build.0 = Debug|Any CPU
		{E1E8FCB3-A099-40E8-9A47-A09A19FB8AA5}.Release|Any CPU.ActiveCfg = Release|Any CPU
		{E1E8FCB3-A099-40E8-9A47-A09A19FB8AA5}.Release|Any CPU.Build.0 = Release|Any CPU
	EndGlobalSection
	GlobalSection(NestedProjects) = preSolution
		{4DE1E317-A2AF-4FCE-86D7-C155D55ED9C2} = {6C5C04A8-FCC3-443F-B7F9-40F9A26E5988}
		{B7B563DF-2C78-4705-93F2-196ADFE648C2} = {027CE3EB-4668-4D29-9588-D6F86EB680D6}
		{E1E8FCB3-A099-40E8-9A47-A09A19FB8AA5} = {6C5C04A8-FCC3-443F-B7F9-40F9A26E5988}
	EndGlobalSection
EndGlobal
